{
  "name": "@sdk/vue-tracker",
  "version": "1.0.0",
  "lockfileVersion": 3,
  "requires": true,
  "packages": {
    "": {
      "name": "@sdk/vue-tracker",
      "version": "1.0.0",
      "license": "ISC",
      "dependencies": {
        "@fingerprintjs/fingerprintjs": "^3.4.1",
        "ua-parser-js": "^1.0.35"
      }
    },
    "node_modules/@fingerprintjs/fingerprintjs": {
      "version": "3.4.1",
      "resolved": "https://registry.npmjs.org/@fingerprintjs/fingerprintjs/-/fingerprintjs-3.4.1.tgz",
      "integrity": "sha512-i3TqlaIdF+4qDHP6OStMtLXCnvnoo2C156rNPm9/kIglUtnLAF45+sGkZZmVQB+58dDF0mNpaiqvKHNSR8J1Hg==",
      "dependencies": {
        "tslib": "^2.4.1"
      }
    },
    "node_modules/tslib": {
      "version": "2.5.0",
      "resolved": "https://registry.npmjs.org/tslib/-/tslib-2.5.0.tgz",
      "integrity": "sha512-336iVw3rtn2BUK7ORdIAHTyxHGRIHVReokCR3XjbckJMK7ms8FysBfhLR8IXnAgy7T0PTPNBWKiH514FOW/WSg=="
    },
    "node_modules/ua-parser-js": {
      "version": "1.0.35",
      "resolved": "https://registry.npmjs.org/ua-parser-js/-/ua-parser-js-1.0.35.tgz",
      "integrity": "sha512-fKnGuqmTBnIE+/KXSzCn4db8RTigUzw1AN0DmdU6hJovUTbYJKyqj+8Mt1c4VfRDnOVJnENmfYkIPZ946UrSAA==",
      "funding": [
        {
          "type": "opencollective",
          "url": "https://opencollective.com/ua-parser-js"
        },
        {
          "type": "paypal",
          "url": "https://paypal.me/faisalman"
        }
      ],
      "engines": {
        "node": "*"
      }
    }
  }
}
